
Microsoft Visual Studio Solution File, Format Version 12.00
# Visual Studio 15
VisualStudioVersion = 15.0.28307.438
MinimumVisualStudioVersion = 10.0.40219.1
Project("{FAE04EC0-301F-11D3-BF4B-00C04F79EFBC}") = "SelfDefineControls", "SelfDefineControls\SelfDefineControls.csproj", "{7658675F-BB27-4817-ADBE-0BCA3E725EC3}"
EndProject
Project("{FAE04EC0-301F-11D3-BF4B-00C04F79EFBC}") = "XinControls", "XinControls\XinControls.csproj", "{487421E7-4673-473D-9E3C-F6FC0AFC0BBC}"
EndProject
Project("{FAE04EC0-301F-11D3-BF4B-00C04F79EFBC}") = "GraphExtention", "GraphExtention\GraphExtention.csproj", "{B6061B4E-4D0B-4233-B2E8-04F1428433CA}"
EndProject
Project("{FAE04EC0-301F-11D3-BF4B-00C04F79EFBC}") = "StringExtention", "StringExtention\StringExtention.csproj", "{F524B41C-8C20-4DB6-A2F9-7E9CDE49F0DD}"
EndProject
Project("{FAE04EC0-301F-11D3-BF4B-00C04F79EFBC}") = "TestCharWidth", "TestCharWidth\TestCharWidth.csproj", "{115C7F53-0116-4DE9-9D65-12EBCCA67E2C}"
EndProject
Global
	GlobalSection(SolutionConfigurationPlatforms) = preSolution
		Debug|Any CPU = Debug|Any CPU
		Release|Any CPU = Release|Any CPU
	EndGlobalSection
	GlobalSection(ProjectConfigurationPlatforms) = postSolution
		{7658675F-BB27-4817-ADBE-0BCA3E725EC3}.Debug|Any CPU.ActiveCfg = Debug|Any CPU
		{7658675F-BB27-4817-ADBE-0BCA3E725EC3}.Debug|Any CPU.Build.0 = Debug|Any CPU
		{7658675F-BB27-4817-ADBE-0BCA3E725EC3}.Release|Any CPU.ActiveCfg = Release|Any CPU
		{7658675F-BB27-4817-ADBE-0BCA3E725EC3}.Release|Any CPU.Build.0 = Release|Any CPU
		{487421E7-4673-473D-9E3C-F6FC0AFC0BBC}.Debug|Any CPU.ActiveCfg = Debug|Any CPU
		{487421E7-4673-473D-9E3C-F6FC0AFC0BBC}.Debug|Any CPU.Build.0 = Debug|Any CPU
		{487421E7-4673-473D-9E3C-F6FC0AFC0BBC}.Release|Any CPU.ActiveCfg = Release|Any CPU
		{487421E7-4673-473D-9E3C-F6FC0AFC0BBC}.Release|Any CPU.Build.0 = Release|Any CPU
		{B6061B4E-4D0B-4233-B2E8-04F1428433CA}.Debug|Any CPU.ActiveCfg = Debug|Any CPU
		{B6061B4E-4D0B-4233-B2E8-04F1428433CA}.Debug|Any CPU.Build.0 = Debug|Any CPU
		{B6061B4E-4D0B-4233-B2E8-04F1428433CA}.Release|Any CPU.ActiveCfg = Release|Any CPU
		{B6061B4E-4D0B-4233-B2E8-04F1428433CA}.Release|Any CPU.Build.0 = Release|Any CPU
		{F524B41C-8C20-4DB6-A2F9-7E9CDE49F0DD}.Debug|Any CPU.ActiveCfg = Debug|Any CPU
		{F524B41C-8C20-4DB6-A2F9-7E9CDE49F0DD}.Debug|Any CPU.Build.0 = Debug|Any CPU
		{F524B41C-8C20-4DB6-A2F9-7E9CDE49F0DD}.Release|Any CPU.ActiveCfg = Release|Any CPU
		{F524B41C-8C20-4DB6-A2F9-7E9CDE49F0DD}.Release|Any CPU.Build.0 = Release|Any CPU
		{115C7F53-0116-4DE9-9D65-12EBCCA67E2C}.Debug|Any CPU.ActiveCfg = Debug|Any CPU
		{115C7F53-0116-4DE9-9D65-12EBCCA67E2C}.Debug|Any CPU.Build.0 = Debug|Any CPU
		{115C7F53-0116-4DE9-9D65-12EBCCA67E2C}.Release|Any CPU.ActiveCfg = Release|Any CPU
		{115C7F53-0116-4DE9-9D65-12EBCCA67E2C}.Release|Any CPU.Build.0 = Release|Any CPU
	EndGlobalSection
	GlobalSection(SolutionProperties) = preSolution
		HideSolutionNode = FALSE
	EndGlobalSection
	GlobalSection(ExtensibilityGlobals) = postSolution
		SolutionGuid = {5086A08F-D834-4E7F-A7B4-E9FCAA856625}
	EndGlobalSection
EndGlobal
